
Microsoft Visual Studio Solution File, Format Version 10.00
# Visual Studio 2008
Project("{FAE04EC0-301F-11D3-BF4B-00C04F79EFBC}") = "JbnLib", "JbnLibDecompiled.csproj", "{3F8BBD57-8E9D-4446-85B2-8FC55D0BB603}"
EndProject
Global
	GlobalSection(SolutionConfigurationPlatforms) = preSolution
		Debug|Any CPU = Debug|Any CPU
		Release|Any CPU = Release|Any CPU
	EndGlobalSection
	GlobalSection(ProjectConfigurationPlatforms) = postSolution
		{3F8BBD57-8E9D-4446-85B2-8FC55D0BB603}.Debug|Any CPU.ActiveCfg = Debug|Any CPU
		{3F8BBD57-8E9D-4446-85B2-8FC55D0BB603}.Debug|Any CPU.Build.0 = Debug|Any CPU
		{3F8BBD57-8E9D-4446-85B2-8FC55D0BB603}.Release|Any CPU.ActiveCfg = Release|Any CPU
		{3F8BBD57-8E9D-4446-85B2-8FC55D0BB603}.Release|Any CPU.Build.0 = Release|Any CPU
	EndGlobalSection
	GlobalSection(SolutionProperties) = preSolution
		HideSolutionNode = FALSE
	EndGlobalSection
EndGlobal
